{
  "version": 4,
  "terraform_version": "1.14.8",
  "serial": 157,
  "lineage": "02c303b3-5c95-40dc-1074-de471f3b916a",
  "outputs": {},
  "resources": [
    {
      "mode": "managed",
      "type": "azurerm_log_analytics_workspace",
      "name": "law",
      "provider": "provider[\"registry.terraform.io/hashicorp/azurerm\"]",
      "instances": [
        {
          "schema_version": 3,
          "attributes": {
            "allow_resource_only_permissions": true,
            "cmk_for_query_forced": false,
            "daily_quota_gb": -1,
            "data_collection_rule_id": "",
            "id": "/subscriptions/4ad68972-8aa1-432e-81a0-d5b220ec69cf/resourceGroups/rg-avm-vm-new/providers/Microsoft.OperationalInsights/workspaces/law-avm",
            "identity": [],
            "immediate_data_purge_on_30_days_enabled": false,
            "internet_ingestion_enabled": true,
            "internet_query_enabled": true,
            "local_authentication_disabled": false,
            "local_authentication_enabled": true,
            "location": "centralus",
            "name": "law-avm",
            "primary_shared_key": "9IatLi0GD0Z22k907hW/BEtJS+AvO9aw5Q/v3rQhZAUJCX0g//Pf9zeZe/b837VQgh8sweEVhH1bWyqJTXba4w==",
            "reservation_capacity_in_gb_per_day": null,
            "resource_group_name": "rg-avm-vm-new",
            "retention_in_days": 30,
            "secondary_shared_key": "0ieRtZ9OHAwGPnOt8BVZzXpZeaoqAXJf/uanHLtDO1/4eFr7RuqFfF2FAH3TTd/3vgR9KO+/ZeQJ9vE6DicQGQ==",
            "sku": "PerGB2018",
            "tags": {},
            "timeouts": null,
            "workspace_id": "f17eca29-3f00-4749-95df-967f058bb47e"
          },
          "sensitive_attributes": [
            [
              {
                "type": "get_attr",
                "value": "primary_shared_key"
              }
            ],
            [
              {
                "type": "get_attr",
                "value": "secondary_shared_key"
              }
            ]
          ],
          "identity_schema_version": 0,
          "private": "eyJlMmJmYjczMC1lY2FhLTExZTYtOGY4OC0zNDM2M2JjN2M0YzAiOnsiY3JlYXRlIjoxODAwMDAwMDAwMDAwLCJkZWxldGUiOjE4MDAwMDAwMDAwMDAsInJlYWQiOjMwMDAwMDAwMDAwMCwidXBkYXRlIjoxODAwMDAwMDAwMDAwfSwic2NoZW1hX3ZlcnNpb24iOiIzIn0=",
          "dependencies": [
            "azurerm_resource_group.rg"
          ]
        }
      ]
    },
    {
      "mode": "managed",
      "type": "azurerm_network_security_group",
      "name": "nsg",
      "provider": "provider[\"registry.terraform.io/hashicorp/azurerm\"]",
      "instances": [
        {
          "schema_version": 0,
          "attributes": {
            "id": "/subscriptions/4ad68972-8aa1-432e-81a0-d5b220ec69cf/resourceGroups/rg-avm-vm-new/providers/Microsoft.Network/networkSecurityGroups/nsg-avm",
            "location": "centralus",
            "name": "nsg-avm",
            "resource_group_name": "rg-avm-vm-new",
            "security_rule": [
              {
                "access": "Allow",
                "description": "",
                "destination_address_prefix": "*",
                "destination_address_prefixes": [],
                "destination_application_security_group_ids": [],
                "destination_port_range": "22",
                "destination_port_ranges": [],
                "direction": "Inbound",
                "name": "Allow-SSH",
                "priority": 100,
                "protocol": "Tcp",
                "source_address_prefix": "*",
                "source_address_prefixes": [],
                "source_application_security_group_ids": [],
                "source_port_range": "*",
                "source_port_ranges": []
              }
            ],
            "tags": {},
            "timeouts": null
          },
          "sensitive_attributes": [],
          "identity_schema_version": 0,
          "identity": {
            "name": "nsg-avm",
            "resource_group_name": "rg-avm-vm-new",
            "subscription_id": "4ad68972-8aa1-432e-81a0-d5b220ec69cf"
          },
          "private": "eyJlMmJmYjczMC1lY2FhLTExZTYtOGY4OC0zNDM2M2JjN2M0YzAiOnsiY3JlYXRlIjoxODAwMDAwMDAwMDAwLCJkZWxldGUiOjE4MDAwMDAwMDAwMDAsInJlYWQiOjMwMDAwMDAwMDAwMCwidXBkYXRlIjoxODAwMDAwMDAwMDAwfX0=",
          "dependencies": [
            "azurerm_resource_group.rg"
          ]
        }
      ]
    },
    {
      "mode": "managed",
      "type": "azurerm_resource_group",
      "name": "rg",
      "provider": "provider[\"registry.terraform.io/hashicorp/azurerm\"]",
      "instances": [
        {
          "schema_version": 0,
          "attributes": {
            "id": "/subscriptions/4ad68972-8aa1-432e-81a0-d5b220ec69cf/resourceGroups/rg-avm-vm-new",
            "location": "centralus",
            "managed_by": "",
            "name": "rg-avm-vm-new",
            "tags": {},
            "timeouts": null
          },
          "sensitive_attributes": [],
          "identity_schema_version": 0,
          "identity": {
            "name": "rg-avm-vm-new",
            "subscription_id": "4ad68972-8aa1-432e-81a0-d5b220ec69cf"
          },
          "private": "eyJlMmJmYjczMC1lY2FhLTExZTYtOGY4OC0zNDM2M2JjN2M0YzAiOnsiY3JlYXRlIjo1NDAwMDAwMDAwMDAwLCJkZWxldGUiOjU0MDAwMDAwMDAwMDAsInJlYWQiOjMwMDAwMDAwMDAwMCwidXBkYXRlIjo1NDAwMDAwMDAwMDAwfX0="
        }
      ]
    },
    {
      "mode": "managed",
      "type": "azurerm_subnet",
      "name": "subnet",
      "provider": "provider[\"registry.terraform.io/hashicorp/azurerm\"]",
      "instances": [
        {
          "schema_version": 0,
          "attributes": {
            "address_prefixes": [
              "10.0.1.0/24"
            ],
            "default_outbound_access_enabled": true,
            "delegation": [],
            "id": "/subscriptions/4ad68972-8aa1-432e-81a0-d5b220ec69cf/resourceGroups/rg-avm-vm-new/providers/Microsoft.Network/virtualNetworks/vnet-avm-vm/subnets/snet-avm-vm",
            "ip_address_pool": [],
            "name": "snet-avm-vm",
            "private_endpoint_network_policies": "Disabled",
            "private_link_service_network_policies_enabled": true,
            "resource_group_name": "rg-avm-vm-new",
            "service_endpoint_policy_ids": [],
            "service_endpoints": [],
            "sharing_scope": "",
            "timeouts": null,
            "virtual_network_name": "vnet-avm-vm"
          },
          "sensitive_attributes": [],
          "identity_schema_version": 0,
          "identity": {
            "name": "snet-avm-vm",
            "resource_group_name": "rg-avm-vm-new",
            "subscription_id": "4ad68972-8aa1-432e-81a0-d5b220ec69cf",
            "virtual_network_name": "vnet-avm-vm"
          },
          "private": "eyJlMmJmYjczMC1lY2FhLTExZTYtOGY4OC0zNDM2M2JjN2M0YzAiOnsiY3JlYXRlIjoxODAwMDAwMDAwMDAwLCJkZWxldGUiOjE4MDAwMDAwMDAwMDAsInJlYWQiOjMwMDAwMDAwMDAwMCwidXBkYXRlIjoxODAwMDAwMDAwMDAwfX0=",
          "dependencies": [
            "azurerm_resource_group.rg",
            "azurerm_virtual_network.vnet"
          ]
        }
      ]
    },
    {
      "mode": "managed",
      "type": "azurerm_virtual_network",
      "name": "vnet",
      "provider": "provider[\"registry.terraform.io/hashicorp/azurerm\"]",
      "instances": [
        {
          "schema_version": 0,
          "attributes": {
            "address_space": [
              "10.0.0.0/16"
            ],
            "bgp_community": "",
            "ddos_protection_plan": [],
            "dns_servers": [],
            "edge_zone": "",
            "encryption": [],
            "flow_timeout_in_minutes": 0,
            "guid": "7b9811c9-e760-4835-ab65-5b5c3447bcd8",
            "id": "/subscriptions/4ad68972-8aa1-432e-81a0-d5b220ec69cf/resourceGroups/rg-avm-vm-new/providers/Microsoft.Network/virtualNetworks/vnet-avm-vm",
            "ip_address_pool": [],
            "location": "centralus",
            "name": "vnet-avm-vm",
            "private_endpoint_vnet_policies": "Disabled",
            "resource_group_name": "rg-avm-vm-new",
            "subnet": [
              {
                "address_prefixes": [
                  "10.0.1.0/24"
                ],
                "default_outbound_access_enabled": true,
                "delegation": [],
                "id": "/subscriptions/4ad68972-8aa1-432e-81a0-d5b220ec69cf/resourceGroups/rg-avm-vm-new/providers/Microsoft.Network/virtualNetworks/vnet-avm-vm/subnets/snet-avm-vm",
                "name": "snet-avm-vm",
                "private_endpoint_network_policies": "Disabled",
                "private_link_service_network_policies_enabled": true,
                "route_table_id": "",
                "security_group": "",
                "service_endpoint_policy_ids": [],
                "service_endpoints": []
              }
            ],
            "tags": {},
            "timeouts": null
          },
          "sensitive_attributes": [],
          "identity_schema_version": 0,
          "identity": {
            "name": "vnet-avm-vm",
            "resource_group_name": "rg-avm-vm-new",
            "subscription_id": "4ad68972-8aa1-432e-81a0-d5b220ec69cf"
          },
          "private": "eyJlMmJmYjczMC1lY2FhLTExZTYtOGY4OC0zNDM2M2JjN2M0YzAiOnsiY3JlYXRlIjoxODAwMDAwMDAwMDAwLCJkZWxldGUiOjE4MDAwMDAwMDAwMDAsInJlYWQiOjMwMDAwMDAwMDAwMCwidXBkYXRlIjoxODAwMDAwMDAwMDAwfX0=",
          "dependencies": [
            "azurerm_resource_group.rg"
          ]
        }
      ]
    },
    {
      "module": "module.avm_vm[\"linux\"]",
      "mode": "data",
      "type": "azapi_client_config",
      "name": "telemetry",
      "provider": "provider[\"registry.terraform.io/azure/azapi\"]",
      "instances": [
        {
          "index_key": 0,
          "schema_version": 0,
          "attributes": {
            "id": "clientConfigs/subscriptionId=4ad68972-8aa1-432e-81a0-d5b220ec69cf;tenantId=ea9f28e6-1d62-489b-9c7a-ff64de5bb812",
            "object_id": "3758c987-5edf-4ec9-8bff-7fe7c4d85953",
            "subscription_id": "4ad68972-8aa1-432e-81a0-d5b220ec69cf",
            "subscription_resource_id": "/subscriptions/4ad68972-8aa1-432e-81a0-d5b220ec69cf",
            "tenant_id": "ea9f28e6-1d62-489b-9c7a-ff64de5bb812",
            "timeouts": null
          },
          "sensitive_attributes": [],
          "identity_schema_version": 0
        }
      ]
    },
    {
      "module": "module.avm_vm[\"linux\"]",
      "mode": "data",
      "type": "modtm_module_source",
      "name": "telemetry",
      "provider": "provider[\"registry.terraform.io/azure/modtm\"]",
      "instances": [
        {
          "index_key": 0,
          "schema_version": 0,
          "attributes": {
            "module_path": ".terraform/modules/avm_vm",
            "module_source": "registry.terraform.io/Azure/avm-res-compute-virtualmachine/azurerm",
            "module_version": "0.20.0"
          },
          "sensitive_attributes": [],
          "identity_schema_version": 0
        }
      ]
    },
    {
      "module": "module.avm_vm[\"linux\"]",
      "mode": "managed",
      "type": "azurerm_linux_virtual_machine",
      "name": "this",
      "provider": "provider[\"registry.terraform.io/hashicorp/azurerm\"]",
      "instances": [
        {
          "index_key": 0,
          "schema_version": 0,
          "attributes": {
            "additional_capabilities": [],
            "admin_password": ":!PIC3)\u003cqtlXc1NjGn\u003eKtg",
            "admin_ssh_key": [],
            "admin_username": "azureuser",
            "allow_extension_operations": true,
            "availability_set_id": "",
            "boot_diagnostics": [],
            "bypass_platform_safety_checks_on_user_schedule_enabled": false,
            "capacity_reservation_group_id": "",
            "computer_name": "avm-linux",
            "custom_data": null,
            "dedicated_host_group_id": "",
            "dedicated_host_id": "",
            "disable_password_authentication": false,
            "disk_controller_type": "SCSI",
            "edge_zone": "",
            "encryption_at_host_enabled": false,
            "eviction_policy": "",
            "extensions_time_budget": "PT1H30M",
            "gallery_application": [],
            "id": "/subscriptions/4ad68972-8aa1-432e-81a0-d5b220ec69cf/resourceGroups/rg-avm-vm-new/providers/Microsoft.Compute/virtualMachines/avm-linux",
            "identity": [],
            "license_type": "",
            "location": "centralus",
            "max_bid_price": -1,
            "name": "avm-linux",
            "network_interface_ids": [
              "/subscriptions/4ad68972-8aa1-432e-81a0-d5b220ec69cf/resourceGroups/rg-avm-vm-new/providers/Microsoft.Network/networkInterfaces/avm-linux-nic1"
            ],
            "os_disk": [
              {
                "caching": "ReadWrite",
                "diff_disk_settings": [],
                "disk_encryption_set_id": "",
                "disk_size_gb": 30,
                "id": "/subscriptions/4ad68972-8aa1-432e-81a0-d5b220ec69cf/resourceGroups/rg-avm-vm-new/providers/Microsoft.Compute/disks/avm-linux_OsDisk_1_33bab0dd21e14e75a4ad08127478b09b",
                "name": "avm-linux_OsDisk_1_33bab0dd21e14e75a4ad08127478b09b",
                "secure_vm_disk_encryption_set_id": "",
                "security_encryption_type": "",
                "storage_account_type": "Premium_LRS",
                "write_accelerator_enabled": false
              }
            ],
            "os_image_notification": [],
            "os_managed_disk_id": "/subscriptions/4ad68972-8aa1-432e-81a0-d5b220ec69cf/resourceGroups/rg-avm-vm-new/providers/Microsoft.Compute/disks/avm-linux_OsDisk_1_33bab0dd21e14e75a4ad08127478b09b",
            "patch_assessment_mode": "ImageDefault",
            "patch_mode": "ImageDefault",
            "plan": [],
            "platform_fault_domain": -1,
            "priority": "Regular",
            "private_ip_address": "10.0.1.4",
            "private_ip_addresses": [
              "10.0.1.4"
            ],
            "provision_vm_agent": true,
            "proximity_placement_group_id": "",
            "public_ip_address": "",
            "public_ip_addresses": [],
            "reboot_setting": "",
            "resource_group_name": "rg-avm-vm-new",
            "secret": [],
            "secure_boot_enabled": false,
            "size": "Standard_D2s_v3",
            "source_image_id": "",
            "source_image_reference": [
              {
                "offer": "0001-com-ubuntu-server-jammy",
                "publisher": "Canonical",
                "sku": "22_04-lts-gen2",
                "version": "latest"
              }
            ],
            "tags": null,
            "termination_notification": null,
            "timeouts": null,
            "user_data": "",
            "virtual_machine_id": "44ba480b-8623-43a3-b8f4-e41a0fd1b6d6",
            "virtual_machine_scale_set_id": "",
            "vm_agent_platform_updates_enabled": false,
            "vtpm_enabled": false,
            "zone": "1"
          },
          "sensitive_attributes": [
            [
              {
                "type": "get_attr",
                "value": "admin_password"
              }
            ],
            [
              {
                "type": "get_attr",
                "value": "custom_data"
              }
            ]
          ],
          "identity_schema_version": 0,
          "private": "eyJlMmJmYjczMC1lY2FhLTExZTYtOGY4OC0zNDM2M2JjN2M0YzAiOnsiY3JlYXRlIjoyNzAwMDAwMDAwMDAwLCJkZWxldGUiOjI3MDAwMDAwMDAwMDAsInJlYWQiOjMwMDAwMDAwMDAwMCwidXBkYXRlIjoyNzAwMDAwMDAwMDAwfX0=",
          "dependencies": [
            "azurerm_log_analytics_workspace.law",
            "azurerm_network_security_group.nsg",
            "azurerm_resource_group.rg",
            "azurerm_subnet.subnet",
            "azurerm_virtual_network.vnet",
            "module.avm_vm.azurerm_network_interface.virtualmachine_network_interfaces",
            "module.avm_vm.azurerm_network_interface_application_gateway_backend_address_pool_association.this",
            "module.avm_vm.azurerm_network_interface_application_security_group_association.this",
            "module.avm_vm.azurerm_network_interface_backend_address_pool_association.this",
            "module.avm_vm.azurerm_network_interface_nat_rule_association.this",
            "module.avm_vm.azurerm_network_interface_security_group_association.this",
            "module.avm_vm.azurerm_public_ip.virtualmachine_public_ips",
            "module.avm_vm.random_password.admin_password",
            "module.avm_vm.tls_private_key.this"
          ]
        }
      ]
    },
    {
      "module": "module.avm_vm[\"linux\"]",
      "mode": "managed",
      "type": "azurerm_monitor_diagnostic_setting",
      "name": "this_nic_diags",
      "provider": "provider[\"registry.terraform.io/hashicorp/azurerm\"]",
      "instances": [
        {
          "index_key": "nic1-ds1",
          "schema_version": 0,
          "attributes": {
            "enabled_log": [],
            "enabled_metric": [
              {
                "category": "AllMetrics"
              }
            ],
            "eventhub_authorization_rule_id": "",
            "eventhub_name": "",
            "id": "/subscriptions/4ad68972-8aa1-432e-81a0-d5b220ec69cf/resourceGroups/rg-avm-vm-new/providers/Microsoft.Network/networkInterfaces/avm-linux-nic1|avm-linux-diag",
            "log_analytics_destination_type": "",
            "log_analytics_workspace_id": "/subscriptions/4ad68972-8aa1-432e-81a0-d5b220ec69cf/resourceGroups/rg-avm-vm-new/providers/Microsoft.OperationalInsights/workspaces/law-avm",
            "metric": [
              {
                "category": "AllMetrics",
                "enabled": true,
                "retention_policy": [
                  {
                    "days": 0,
                    "enabled": false
                  }
                ]
              }
            ],
            "name": "avm-linux-diag",
            "partner_solution_id": null,
            "storage_account_id": null,
            "target_resource_id": "/subscriptions/4ad68972-8aa1-432e-81a0-d5b220ec69cf/resourceGroups/rg-avm-vm-new/providers/Microsoft.Network/networkInterfaces/avm-linux-nic1",
            "timeouts": null
          },
          "sensitive_attributes": [],
          "identity_schema_version": 0,
          "private": "eyJlMmJmYjczMC1lY2FhLTExZTYtOGY4OC0zNDM2M2JjN2M0YzAiOnsiY3JlYXRlIjoxODAwMDAwMDAwMDAwLCJkZWxldGUiOjM2MDAwMDAwMDAwMDAsInJlYWQiOjMwMDAwMDAwMDAwMCwidXBkYXRlIjoxODAwMDAwMDAwMDAwfX0=",
          "dependencies": [
            "azurerm_log_analytics_workspace.law",
            "azurerm_network_security_group.nsg",
            "azurerm_resource_group.rg",
            "azurerm_subnet.subnet",
            "azurerm_virtual_network.vnet",
            "module.avm_vm.azurerm_network_interface.virtualmachine_network_interfaces",
            "module.avm_vm.azurerm_public_ip.virtualmachine_public_ips"
          ]
        }
      ]
    },
    {
      "module": "module.avm_vm[\"linux\"]",
      "mode": "managed",
      "type": "azurerm_network_interface",
      "name": "virtualmachine_network_interfaces",
      "provider": "provider[\"registry.terraform.io/hashicorp/azurerm\"]",
      "instances": [
        {
          "index_key": "nic1",
          "schema_version": 0,
          "attributes": {
            "accelerated_networking_enabled": false,
            "applied_dns_servers": [],
            "auxiliary_mode": "",
            "auxiliary_sku": "",
            "dns_servers": [],
            "edge_zone": "",
            "id": "/subscriptions/4ad68972-8aa1-432e-81a0-d5b220ec69cf/resourceGroups/rg-avm-vm-new/providers/Microsoft.Network/networkInterfaces/avm-linux-nic1",
            "internal_dns_name_label": "",
            "internal_domain_name_suffix": "zeizq41a220urk1flnodir321a.gx.internal.cloudapp.net",
            "ip_configuration": [
              {
                "gateway_load_balancer_frontend_ip_configuration_id": "",
                "name": "ipconfig1",
                "primary": true,
                "private_ip_address": "10.0.1.4",
                "private_ip_address_allocation": "Dynamic",
                "private_ip_address_version": "IPv4",
                "public_ip_address_id": "",
                "subnet_id": "/subscriptions/4ad68972-8aa1-432e-81a0-d5b220ec69cf/resourceGroups/rg-avm-vm-new/providers/Microsoft.Network/virtualNetworks/vnet-avm-vm/subnets/snet-avm-vm"
              }
            ],
            "ip_forwarding_enabled": false,
            "location": "centralus",
            "mac_address": "7C-ED-8D-4B-A8-55",
            "name": "avm-linux-nic1",
            "private_ip_address": "10.0.1.4",
            "private_ip_addresses": [
              "10.0.1.4"
            ],
            "resource_group_name": "rg-avm-vm-new",
            "tags": {},
            "timeouts": null,
            "virtual_machine_id": "/subscriptions/4ad68972-8aa1-432e-81a0-d5b220ec69cf/resourceGroups/rg-avm-vm-new/providers/Microsoft.Compute/virtualMachines/avm-linux"
          },
          "sensitive_attributes": [],
          "identity_schema_version": 0,
          "identity": {
            "name": "avm-linux-nic1",
            "resource_group_name": "rg-avm-vm-new",
            "subscription_id": "4ad68972-8aa1-432e-81a0-d5b220ec69cf"
          },
          "private": "eyJlMmJmYjczMC1lY2FhLTExZTYtOGY4OC0zNDM2M2JjN2M0YzAiOnsiY3JlYXRlIjoxODAwMDAwMDAwMDAwLCJkZWxldGUiOjE4MDAwMDAwMDAwMDAsInJlYWQiOjMwMDAwMDAwMDAwMCwidXBkYXRlIjoxODAwMDAwMDAwMDAwfX0=",
          "dependencies": [
            "azurerm_log_analytics_workspace.law",
            "azurerm_network_security_group.nsg",
            "azurerm_resource_group.rg",
            "azurerm_subnet.subnet",
            "azurerm_virtual_network.vnet",
            "module.avm_vm.azurerm_public_ip.virtualmachine_public_ips"
          ]
        }
      ]
    },
    {
      "module": "module.avm_vm[\"linux\"]",
      "mode": "managed",
      "type": "azurerm_network_interface_security_group_association",
      "name": "this",
      "provider": "provider[\"registry.terraform.io/hashicorp/azurerm\"]",
      "instances": [
        {
          "index_key": "nic1-nsg1",
          "schema_version": 0,
          "attributes": {
            "id": "/subscriptions/4ad68972-8aa1-432e-81a0-d5b220ec69cf/resourceGroups/rg-avm-vm-new/providers/Microsoft.Network/networkInterfaces/avm-linux-nic1|/subscriptions/4ad68972-8aa1-432e-81a0-d5b220ec69cf/resourceGroups/rg-avm-vm-new/providers/Microsoft.Network/networkSecurityGroups/nsg-avm",
            "network_interface_id": "/subscriptions/4ad68972-8aa1-432e-81a0-d5b220ec69cf/resourceGroups/rg-avm-vm-new/providers/Microsoft.Network/networkInterfaces/avm-linux-nic1",
            "network_security_group_id": "/subscriptions/4ad68972-8aa1-432e-81a0-d5b220ec69cf/resourceGroups/rg-avm-vm-new/providers/Microsoft.Network/networkSecurityGroups/nsg-avm",
            "timeouts": null
          },
          "sensitive_attributes": [],
          "identity_schema_version": 0,
          "private": "eyJlMmJmYjczMC1lY2FhLTExZTYtOGY4OC0zNDM2M2JjN2M0YzAiOnsiY3JlYXRlIjoxODAwMDAwMDAwMDAwLCJkZWxldGUiOjE4MDAwMDAwMDAwMDAsInJlYWQiOjMwMDAwMDAwMDAwMH19",
          "dependencies": [
            "azurerm_log_analytics_workspace.law",
            "azurerm_network_security_group.nsg",
            "azurerm_resource_group.rg",
            "azurerm_subnet.subnet",
            "azurerm_virtual_network.vnet",
            "module.avm_vm.azurerm_network_interface.virtualmachine_network_interfaces",
            "module.avm_vm.azurerm_public_ip.virtualmachine_public_ips"
          ]
        }
      ]
    },
    {
      "module": "module.avm_vm[\"linux\"]",
      "mode": "managed",
      "type": "modtm_telemetry",
      "name": "telemetry",
      "provider": "provider[\"registry.terraform.io/azure/modtm\"]",
      "instances": [
        {
          "index_key": 0,
          "schema_version": 0,
          "attributes": {
            "endpoint": null,
            "ephemeral_number": null,
            "id": "43e47d9f-5d15-43c2-b0a6-268a821af325",
            "nonce": null,
            "tags": {
              "location": "centralus",
              "module_source": "registry.terraform.io/Azure/avm-res-compute-virtualmachine/azurerm",
              "module_version": "0.20.0",
              "random_id": "8f89c818-884f-e154-f8e5-e063c2c34008",
              "subscription_id": "4ad68972-8aa1-432e-81a0-d5b220ec69cf",
              "tenant_id": "ea9f28e6-1d62-489b-9c7a-ff64de5bb812"
            }
          },
          "sensitive_attributes": [],
          "identity_schema_version": 0,
          "dependencies": [
            "module.avm_vm.data.azapi_client_config.telemetry",
            "module.avm_vm.data.modtm_module_source.telemetry",
            "module.avm_vm.random_uuid.telemetry"
          ]
        }
      ]
    },
    {
      "module": "module.avm_vm[\"linux\"]",
      "mode": "managed",
      "type": "random_password",
      "name": "admin_password",
      "provider": "provider[\"registry.terraform.io/hashicorp/random\"]",
      "instances": [
        {
          "index_key": 0,
          "schema_version": 3,
          "attributes": {
            "bcrypt_hash": "$2a$10$amYV54JmPlOTZTRh4noXgeyizpIvuPUX2bwM7fFYcSMQWMR2gUYkC",
            "id": "none",
            "keepers": null,
            "length": 22,
            "lower": true,
            "min_lower": 2,
            "min_numeric": 2,
            "min_special": 2,
            "min_upper": 2,
            "number": true,
            "numeric": true,
            "override_special": "!#$%\u0026()*+,-./:;\u003c=\u003e?@[]^_{|}~",
            "result": ":!PIC3)\u003cqtlXc1NjGn\u003eKtg",
            "special": true,
            "upper": true
          },
          "sensitive_attributes": [
            [
              {
                "type": "get_attr",
                "value": "bcrypt_hash"
              }
            ],
            [
              {
                "type": "get_attr",
                "value": "result"
              }
            ]
          ],
          "identity_schema_version": 0
        }
      ]
    },
    {
      "module": "module.avm_vm[\"linux\"]",
      "mode": "managed",
      "type": "random_uuid",
      "name": "telemetry",
      "provider": "provider[\"registry.terraform.io/hashicorp/random\"]",
      "instances": [
        {
          "index_key": 0,
          "schema_version": 0,
          "attributes": {
            "id": "8f89c818-884f-e154-f8e5-e063c2c34008",
            "keepers": null,
            "result": "8f89c818-884f-e154-f8e5-e063c2c34008"
          },
          "sensitive_attributes": [],
          "identity_schema_version": 0
        }
      ]
    },
    {
      "module": "module.avm_vm[\"windows\"]",
      "mode": "data",
      "type": "azapi_client_config",
      "name": "telemetry",
      "provider": "provider[\"registry.terraform.io/azure/azapi\"]",
      "instances": [
        {
          "index_key": 0,
          "schema_version": 0,
          "attributes": {
            "id": "clientConfigs/subscriptionId=4ad68972-8aa1-432e-81a0-d5b220ec69cf;tenantId=ea9f28e6-1d62-489b-9c7a-ff64de5bb812",
            "object_id": "3758c987-5edf-4ec9-8bff-7fe7c4d85953",
            "subscription_id": "4ad68972-8aa1-432e-81a0-d5b220ec69cf",
            "subscription_resource_id": "/subscriptions/4ad68972-8aa1-432e-81a0-d5b220ec69cf",
            "tenant_id": "ea9f28e6-1d62-489b-9c7a-ff64de5bb812",
            "timeouts": null
          },
          "sensitive_attributes": [],
          "identity_schema_version": 0
        }
      ]
    },
    {
      "module": "module.avm_vm[\"windows\"]",
      "mode": "data",
      "type": "modtm_module_source",
      "name": "telemetry",
      "provider": "provider[\"registry.terraform.io/azure/modtm\"]",
      "instances": [
        {
          "index_key": 0,
          "schema_version": 0,
          "attributes": {
            "module_path": ".terraform/modules/avm_vm",
            "module_source": "registry.terraform.io/Azure/avm-res-compute-virtualmachine/azurerm",
            "module_version": "0.20.0"
          },
          "sensitive_attributes": [],
          "identity_schema_version": 0
        }
      ]
    },
    {
      "module": "module.avm_vm[\"windows\"]",
      "mode": "managed",
      "type": "azurerm_monitor_diagnostic_setting",
      "name": "this_nic_diags",
      "provider": "provider[\"registry.terraform.io/hashicorp/azurerm\"]",
      "instances": [
        {
          "index_key": "nic1-ds1",
          "schema_version": 0,
          "attributes": {
            "enabled_log": [],
            "enabled_metric": [
              {
                "category": "AllMetrics"
              }
            ],
            "eventhub_authorization_rule_id": "",
            "eventhub_name": "",
            "id": "/subscriptions/4ad68972-8aa1-432e-81a0-d5b220ec69cf/resourceGroups/rg-avm-vm-new/providers/Microsoft.Network/networkInterfaces/avm-windows-nic1|avm-windows-diag",
            "log_analytics_destination_type": "",
            "log_analytics_workspace_id": "/subscriptions/4ad68972-8aa1-432e-81a0-d5b220ec69cf/resourceGroups/rg-avm-vm-new/providers/Microsoft.OperationalInsights/workspaces/law-avm",
            "metric": [
              {
                "category": "AllMetrics",
                "enabled": true,
                "retention_policy": [
                  {
                    "days": 0,
                    "enabled": false
                  }
                ]
              }
            ],
            "name": "avm-windows-diag",
            "partner_solution_id": null,
            "storage_account_id": null,
            "target_resource_id": "/subscriptions/4ad68972-8aa1-432e-81a0-d5b220ec69cf/resourceGroups/rg-avm-vm-new/providers/Microsoft.Network/networkInterfaces/avm-windows-nic1",
            "timeouts": null
          },
          "sensitive_attributes": [],
          "identity_schema_version": 0,
          "private": "eyJlMmJmYjczMC1lY2FhLTExZTYtOGY4OC0zNDM2M2JjN2M0YzAiOnsiY3JlYXRlIjoxODAwMDAwMDAwMDAwLCJkZWxldGUiOjM2MDAwMDAwMDAwMDAsInJlYWQiOjMwMDAwMDAwMDAwMCwidXBkYXRlIjoxODAwMDAwMDAwMDAwfX0=",
          "dependencies": [
            "azurerm_log_analytics_workspace.law",
            "azurerm_network_security_group.nsg",
            "azurerm_resource_group.rg",
            "azurerm_subnet.subnet",
            "azurerm_virtual_network.vnet",
            "module.avm_vm.azurerm_network_interface.virtualmachine_network_interfaces",
            "module.avm_vm.azurerm_public_ip.virtualmachine_public_ips"
          ]
        }
      ]
    },
    {
      "module": "module.avm_vm[\"windows\"]",
      "mode": "managed",
      "type": "azurerm_network_interface",
      "name": "virtualmachine_network_interfaces",
      "provider": "provider[\"registry.terraform.io/hashicorp/azurerm\"]",
      "instances": [
        {
          "index_key": "nic1",
          "schema_version": 0,
          "attributes": {
            "accelerated_networking_enabled": false,
            "applied_dns_servers": [],
            "auxiliary_mode": "",
            "auxiliary_sku": "",
            "dns_servers": [],
            "edge_zone": "",
            "id": "/subscriptions/4ad68972-8aa1-432e-81a0-d5b220ec69cf/resourceGroups/rg-avm-vm-new/providers/Microsoft.Network/networkInterfaces/avm-windows-nic1",
            "internal_dns_name_label": "",
            "internal_domain_name_suffix": "zeizq41a220urk1flnodir321a.gx.internal.cloudapp.net",
            "ip_configuration": [
              {
                "gateway_load_balancer_frontend_ip_configuration_id": "",
                "name": "ipconfig1",
                "primary": true,
                "private_ip_address": "10.0.1.5",
                "private_ip_address_allocation": "Dynamic",
                "private_ip_address_version": "IPv4",
                "public_ip_address_id": "",
                "subnet_id": "/subscriptions/4ad68972-8aa1-432e-81a0-d5b220ec69cf/resourceGroups/rg-avm-vm-new/providers/Microsoft.Network/virtualNetworks/vnet-avm-vm/subnets/snet-avm-vm"
              }
            ],
            "ip_forwarding_enabled": false,
            "location": "centralus",
            "mac_address": "7C-ED-8D-09-A7-5B",
            "name": "avm-windows-nic1",
            "private_ip_address": "10.0.1.5",
            "private_ip_addresses": [
              "10.0.1.5"
            ],
            "resource_group_name": "rg-avm-vm-new",
            "tags": {},
            "timeouts": null,
            "virtual_machine_id": "/subscriptions/4ad68972-8aa1-432e-81a0-d5b220ec69cf/resourceGroups/rg-avm-vm-new/providers/Microsoft.Compute/virtualMachines/avm-windows"
          },
          "sensitive_attributes": [],
          "identity_schema_version": 0,
          "identity": {
            "name": "avm-windows-nic1",
            "resource_group_name": "rg-avm-vm-new",
            "subscription_id": "4ad68972-8aa1-432e-81a0-d5b220ec69cf"
          },
          "private": "eyJlMmJmYjczMC1lY2FhLTExZTYtOGY4OC0zNDM2M2JjN2M0YzAiOnsiY3JlYXRlIjoxODAwMDAwMDAwMDAwLCJkZWxldGUiOjE4MDAwMDAwMDAwMDAsInJlYWQiOjMwMDAwMDAwMDAwMCwidXBkYXRlIjoxODAwMDAwMDAwMDAwfX0=",
          "dependencies": [
            "azurerm_log_analytics_workspace.law",
            "azurerm_network_security_group.nsg",
            "azurerm_resource_group.rg",
            "azurerm_subnet.subnet",
            "azurerm_virtual_network.vnet",
            "module.avm_vm.azurerm_public_ip.virtualmachine_public_ips"
          ]
        }
      ]
    },
    {
      "module": "module.avm_vm[\"windows\"]",
      "mode": "managed",
      "type": "azurerm_network_interface_security_group_association",
      "name": "this",
      "provider": "provider[\"registry.terraform.io/hashicorp/azurerm\"]",
      "instances": [
        {
          "index_key": "nic1-nsg1",
          "schema_version": 0,
          "attributes": {
            "id": "/subscriptions/4ad68972-8aa1-432e-81a0-d5b220ec69cf/resourceGroups/rg-avm-vm-new/providers/Microsoft.Network/networkInterfaces/avm-windows-nic1|/subscriptions/4ad68972-8aa1-432e-81a0-d5b220ec69cf/resourceGroups/rg-avm-vm-new/providers/Microsoft.Network/networkSecurityGroups/nsg-avm",
            "network_interface_id": "/subscriptions/4ad68972-8aa1-432e-81a0-d5b220ec69cf/resourceGroups/rg-avm-vm-new/providers/Microsoft.Network/networkInterfaces/avm-windows-nic1",
            "network_security_group_id": "/subscriptions/4ad68972-8aa1-432e-81a0-d5b220ec69cf/resourceGroups/rg-avm-vm-new/providers/Microsoft.Network/networkSecurityGroups/nsg-avm",
            "timeouts": null
          },
          "sensitive_attributes": [],
          "identity_schema_version": 0,
          "private": "eyJlMmJmYjczMC1lY2FhLTExZTYtOGY4OC0zNDM2M2JjN2M0YzAiOnsiY3JlYXRlIjoxODAwMDAwMDAwMDAwLCJkZWxldGUiOjE4MDAwMDAwMDAwMDAsInJlYWQiOjMwMDAwMDAwMDAwMH19",
          "dependencies": [
            "azurerm_log_analytics_workspace.law",
            "azurerm_network_security_group.nsg",
            "azurerm_resource_group.rg",
            "azurerm_subnet.subnet",
            "azurerm_virtual_network.vnet",
            "module.avm_vm.azurerm_network_interface.virtualmachine_network_interfaces",
            "module.avm_vm.azurerm_public_ip.virtualmachine_public_ips"
          ]
        }
      ]
    },
    {
      "module": "module.avm_vm[\"windows\"]",
      "mode": "managed",
      "type": "azurerm_windows_virtual_machine",
      "name": "this",
      "provider": "provider[\"registry.terraform.io/hashicorp/azurerm\"]",
      "instances": [
        {
          "index_key": 0,
          "schema_version": 0,
          "attributes": {
            "additional_capabilities": [],
            "additional_unattend_content": [],
            "admin_password": "ddTH2}$~]BPB~^1\u00262fRy0N",
            "admin_username": "azureuser",
            "allow_extension_operations": true,
            "automatic_updates_enabled": true,
            "availability_set_id": "",
            "boot_diagnostics": [],
            "bypass_platform_safety_checks_on_user_schedule_enabled": false,
            "capacity_reservation_group_id": "",
            "computer_name": "avm-windows",
            "custom_data": null,
            "dedicated_host_group_id": "",
            "dedicated_host_id": "",
            "disk_controller_type": "SCSI",
            "edge_zone": "",
            "enable_automatic_updates": true,
            "encryption_at_host_enabled": false,
            "eviction_policy": "",
            "extensions_time_budget": "PT1H30M",
            "gallery_application": [],
            "hotpatching_enabled": false,
            "id": "/subscriptions/4ad68972-8aa1-432e-81a0-d5b220ec69cf/resourceGroups/rg-avm-vm-new/providers/Microsoft.Compute/virtualMachines/avm-windows",
            "identity": [],
            "license_type": "",
            "location": "centralus",
            "max_bid_price": -1,
            "name": "avm-windows",
            "network_interface_ids": [
              "/subscriptions/4ad68972-8aa1-432e-81a0-d5b220ec69cf/resourceGroups/rg-avm-vm-new/providers/Microsoft.Network/networkInterfaces/avm-windows-nic1"
            ],
            "os_disk": [
              {
                "caching": "ReadWrite",
                "diff_disk_settings": [],
                "disk_encryption_set_id": "",
                "disk_size_gb": 127,
                "id": "/subscriptions/4ad68972-8aa1-432e-81a0-d5b220ec69cf/resourceGroups/rg-avm-vm-new/providers/Microsoft.Compute/disks/avm-windows_disk1_6473a372472043ee9f78ff4caaa2a1eb",
                "name": "avm-windows_disk1_6473a372472043ee9f78ff4caaa2a1eb",
                "secure_vm_disk_encryption_set_id": "",
                "security_encryption_type": "",
                "storage_account_type": "Premium_LRS",
                "write_accelerator_enabled": false
              }
            ],
            "os_image_notification": [],
            "os_managed_disk_id": "/subscriptions/4ad68972-8aa1-432e-81a0-d5b220ec69cf/resourceGroups/rg-avm-vm-new/providers/Microsoft.Compute/disks/avm-windows_disk1_6473a372472043ee9f78ff4caaa2a1eb",
            "patch_assessment_mode": "ImageDefault",
            "patch_mode": "AutomaticByOS",
            "plan": [],
            "platform_fault_domain": -1,
            "priority": "Regular",
            "private_ip_address": "10.0.1.5",
            "private_ip_addresses": [
              "10.0.1.5"
            ],
            "provision_vm_agent": true,
            "proximity_placement_group_id": "",
            "public_ip_address": "",
            "public_ip_addresses": [],
            "reboot_setting": "",
            "resource_group_name": "rg-avm-vm-new",
            "secret": [],
            "secure_boot_enabled": false,
            "size": "Standard_D2s_v3",
            "source_image_id": "",
            "source_image_reference": [
              {
                "offer": "WindowsServer",
                "publisher": "MicrosoftWindowsServer",
                "sku": "2022-datacenter-g2",
                "version": "latest"
              }
            ],
            "tags": {},
            "termination_notification": [],
            "timeouts": null,
            "timezone": "",
            "user_data": "",
            "virtual_machine_id": "3f8c226e-9116-481f-886e-70df0d9dbac4",
            "virtual_machine_scale_set_id": "",
            "vm_agent_platform_updates_enabled": true,
            "vtpm_enabled": false,
            "winrm_listener": [],
            "zone": "1"
          },
          "sensitive_attributes": [
            [
              {
                "type": "get_attr",
                "value": "admin_password"
              }
            ],
            [
              {
                "type": "get_attr",
                "value": "custom_data"
              }
            ]
          ],
          "identity_schema_version": 0,
          "private": "eyJlMmJmYjczMC1lY2FhLTExZTYtOGY4OC0zNDM2M2JjN2M0YzAiOnsiY3JlYXRlIjoyNzAwMDAwMDAwMDAwLCJkZWxldGUiOjI3MDAwMDAwMDAwMDAsInJlYWQiOjMwMDAwMDAwMDAwMCwidXBkYXRlIjoyNzAwMDAwMDAwMDAwfX0=",
          "dependencies": [
            "azurerm_log_analytics_workspace.law",
            "azurerm_network_security_group.nsg",
            "azurerm_resource_group.rg",
            "azurerm_subnet.subnet",
            "azurerm_virtual_network.vnet",
            "module.avm_vm.azurerm_network_interface.virtualmachine_network_interfaces",
            "module.avm_vm.azurerm_network_interface_application_gateway_backend_address_pool_association.this",
            "module.avm_vm.azurerm_network_interface_application_security_group_association.this",
            "module.avm_vm.azurerm_network_interface_backend_address_pool_association.this",
            "module.avm_vm.azurerm_network_interface_nat_rule_association.this",
            "module.avm_vm.azurerm_network_interface_security_group_association.this",
            "module.avm_vm.azurerm_public_ip.virtualmachine_public_ips",
            "module.avm_vm.random_password.admin_password"
          ]
        }
      ]
    },
    {
      "module": "module.avm_vm[\"windows\"]",
      "mode": "managed",
      "type": "modtm_telemetry",
      "name": "telemetry",
      "provider": "provider[\"registry.terraform.io/azure/modtm\"]",
      "instances": [
        {
          "index_key": 0,
          "schema_version": 0,
          "attributes": {
            "endpoint": null,
            "ephemeral_number": null,
            "id": "b6ff164e-6908-43d8-9410-190af4ffc937",
            "nonce": null,
            "tags": {
              "location": "centralus",
              "module_source": "registry.terraform.io/Azure/avm-res-compute-virtualmachine/azurerm",
              "module_version": "0.20.0",
              "random_id": "f8ffac13-9838-5697-f03d-8f632700ee36",
              "subscription_id": "4ad68972-8aa1-432e-81a0-d5b220ec69cf",
              "tenant_id": "ea9f28e6-1d62-489b-9c7a-ff64de5bb812"
            }
          },
          "sensitive_attributes": [],
          "identity_schema_version": 0,
          "dependencies": [
            "module.avm_vm.data.azapi_client_config.telemetry",
            "module.avm_vm.data.modtm_module_source.telemetry",
            "module.avm_vm.random_uuid.telemetry"
          ]
        }
      ]
    },
    {
      "module": "module.avm_vm[\"windows\"]",
      "mode": "managed",
      "type": "random_password",
      "name": "admin_password",
      "provider": "provider[\"registry.terraform.io/hashicorp/random\"]",
      "instances": [
        {
          "index_key": 0,
          "schema_version": 3,
          "attributes": {
            "bcrypt_hash": "$2a$10$ZQkaambtLlGTcrQbeuTQa.ZOkw3mdH0HOwVLytg32Tl8t0RpYFQsK",
            "id": "none",
            "keepers": null,
            "length": 22,
            "lower": true,
            "min_lower": 2,
            "min_numeric": 2,
            "min_special": 2,
            "min_upper": 2,
            "number": true,
            "numeric": true,
            "override_special": "!#$%\u0026()*+,-./:;\u003c=\u003e?@[]^_{|}~",
            "result": "ddTH2}$~]BPB~^1\u00262fRy0N",
            "special": true,
            "upper": true
          },
          "sensitive_attributes": [
            [
              {
                "type": "get_attr",
                "value": "bcrypt_hash"
              }
            ],
            [
              {
                "type": "get_attr",
                "value": "result"
              }
            ]
          ],
          "identity_schema_version": 0
        }
      ]
    },
    {
      "module": "module.avm_vm[\"windows\"]",
      "mode": "managed",
      "type": "random_uuid",
      "name": "telemetry",
      "provider": "provider[\"registry.terraform.io/hashicorp/random\"]",
      "instances": [
        {
          "index_key": 0,
          "schema_version": 0,
          "attributes": {
            "id": "f8ffac13-9838-5697-f03d-8f632700ee36",
            "keepers": null,
            "result": "f8ffac13-9838-5697-f03d-8f632700ee36"
          },
          "sensitive_attributes": [],
          "identity_schema_version": 0
        }
      ]
    }
  ],
  "check_results": [
    {
      "object_kind": "var",
      "config_addr": "module.avm_vm.var.lock",
      "status": "pass",
      "objects": [
        {
          "object_addr": "module.avm_vm[\"linux\"].var.lock",
          "status": "pass"
        },
        {
          "object_addr": "module.avm_vm[\"windows\"].var.lock",
          "status": "pass"
        }
      ]
    },
    {
      "object_kind": "var",
      "config_addr": "module.avm_vm.var.account_credentials",
      "status": "pass",
      "objects": [
        {
          "object_addr": "module.avm_vm[\"linux\"].var.account_credentials",
          "status": "pass"
        },
        {
          "object_addr": "module.avm_vm[\"windows\"].var.account_credentials",
          "status": "pass"
        }
      ]
    },
    {
      "object_kind": "var",
      "config_addr": "module.avm_vm.var.os_type",
      "status": "pass",
      "objects": [
        {
          "object_addr": "module.avm_vm[\"windows\"].var.os_type",
          "status": "pass"
        },
        {
          "object_addr": "module.avm_vm[\"linux\"].var.os_type",
          "status": "pass"
        }
      ]
    },
    {
      "object_kind": "var",
      "config_addr": "module.avm_vm.var.admin_username",
      "status": "pass",
      "objects": [
        {
          "object_addr": "module.avm_vm[\"windows\"].var.admin_username",
          "status": "pass"
        },
        {
          "object_addr": "module.avm_vm[\"linux\"].var.admin_username",
          "status": "pass"
        }
      ]
    },
    {
      "object_kind": "var",
      "config_addr": "module.avm_vm.var.user_data",
      "status": "pass",
      "objects": [
        {
          "object_addr": "module.avm_vm[\"linux\"].var.user_data",
          "status": "pass"
        },
        {
          "object_addr": "module.avm_vm[\"windows\"].var.user_data",
          "status": "pass"
        }
      ]
    },
    {
      "object_kind": "var",
      "config_addr": "module.avm_vm.var.name",
      "status": "pass",
      "objects": [
        {
          "object_addr": "module.avm_vm[\"windows\"].var.name",
          "status": "pass"
        },
        {
          "object_addr": "module.avm_vm[\"linux\"].var.name",
          "status": "pass"
        }
      ]
    },
    {
      "object_kind": "var",
      "config_addr": "module.avm_vm.var.custom_data",
      "status": "pass",
      "objects": [
        {
          "object_addr": "module.avm_vm[\"linux\"].var.custom_data",
          "status": "pass"
        },
        {
          "object_addr": "module.avm_vm[\"windows\"].var.custom_data",
          "status": "pass"
        }
      ]
    },
    {
      "object_kind": "var",
      "config_addr": "module.avm_vm.var.extensions",
      "status": "pass",
      "objects": [
        {
          "object_addr": "module.avm_vm[\"windows\"].var.extensions",
          "status": "pass"
        },
        {
          "object_addr": "module.avm_vm[\"linux\"].var.extensions",
          "status": "pass"
        }
      ]
    }
  ]
}
