{
  "version": 4,
  "terraform_version": "1.14.8",
  "serial": 20,
  "lineage": "02c303b3-5c95-40dc-1074-de471f3b916a",
  "outputs": {},
  "resources": [
    {
      "mode": "managed",
      "type": "azurerm_resource_group",
      "name": "rg",
      "provider": "provider[\"registry.terraform.io/hashicorp/azurerm\"]",
      "instances": [
        {
          "schema_version": 0,
          "attributes": {
            "id": "/subscriptions/b2d594d9-1ee9-473b-803e-eb9f1b0b44bd/resourceGroups/levent-cc-sandbox-rg",
            "location": "canadacentral",
            "managed_by": "",
            "name": "levent-cc-sandbox-rg",
            "tags": {
              "CreatedBy": "Kaan Turgut"
            },
            "timeouts": null
          },
          "sensitive_attributes": [],
          "identity_schema_version": 0,
          "identity": {
            "name": "levent-cc-sandbox-rg",
            "subscription_id": "b2d594d9-1ee9-473b-803e-eb9f1b0b44bd"
          },
          "private": "eyJlMmJmYjczMC1lY2FhLTExZTYtOGY4OC0zNDM2M2JjN2M0YzAiOnsiY3JlYXRlIjo1NDAwMDAwMDAwMDAwLCJkZWxldGUiOjU0MDAwMDAwMDAwMDAsInJlYWQiOjMwMDAwMDAwMDAwMCwidXBkYXRlIjo1NDAwMDAwMDAwMDAwfX0="
        }
      ]
    },
    {
      "module": "module.avm-res-compute-virtualmachine",
      "mode": "data",
      "type": "azapi_client_config",
      "name": "telemetry",
      "provider": "provider[\"registry.terraform.io/azure/azapi\"]",
      "instances": [
        {
          "index_key": 0,
          "schema_version": 0,
          "attributes": {
            "id": "clientConfigs/subscriptionId=b2d594d9-1ee9-473b-803e-eb9f1b0b44bd;tenantId=1a93b615-8d62-418a-ac28-22501cf1f978",
            "object_id": "90853c6b-d49e-4fa0-8f05-4b803c3ba0ca",
            "subscription_id": "b2d594d9-1ee9-473b-803e-eb9f1b0b44bd",
            "subscription_resource_id": "/subscriptions/b2d594d9-1ee9-473b-803e-eb9f1b0b44bd",
            "tenant_id": "1a93b615-8d62-418a-ac28-22501cf1f978",
            "timeouts": null
          },
          "sensitive_attributes": [],
          "identity_schema_version": 0
        }
      ]
    },
    {
      "module": "module.avm-res-compute-virtualmachine",
      "mode": "data",
      "type": "modtm_module_source",
      "name": "telemetry",
      "provider": "provider[\"registry.terraform.io/azure/modtm\"]",
      "instances": [
        {
          "index_key": 0,
          "schema_version": 0,
          "attributes": {
            "module_path": ".terraform/modules/avm-res-compute-virtualmachine",
            "module_source": "registry.terraform.io/Azure/avm-res-compute-virtualmachine/azurerm",
            "module_version": "0.20.0"
          },
          "sensitive_attributes": [],
          "identity_schema_version": 0
        }
      ]
    },
    {
      "module": "module.avm-res-compute-virtualmachine",
      "mode": "managed",
      "type": "azapi_resource",
      "name": "this_backup_intent",
      "provider": "provider[\"registry.terraform.io/azure/azapi\"]",
      "instances": []
    },
    {
      "module": "module.avm-res-compute-virtualmachine",
      "mode": "managed",
      "type": "azapi_resource",
      "name": "this_maintenance_configuration_assignment",
      "provider": "provider[\"registry.terraform.io/azure/azapi\"]",
      "instances": []
    },
    {
      "module": "module.avm-res-compute-virtualmachine",
      "mode": "managed",
      "type": "azurerm_dev_test_global_vm_shutdown_schedule",
      "name": "this",
      "provider": "provider[\"registry.terraform.io/hashicorp/azurerm\"]",
      "instances": []
    },
    {
      "module": "module.avm-res-compute-virtualmachine",
      "mode": "managed",
      "type": "azurerm_key_vault_secret",
      "name": "admin_password",
      "provider": "provider[\"registry.terraform.io/hashicorp/azurerm\"]",
      "instances": []
    },
    {
      "module": "module.avm-res-compute-virtualmachine",
      "mode": "managed",
      "type": "azurerm_key_vault_secret",
      "name": "admin_ssh_key",
      "provider": "provider[\"registry.terraform.io/hashicorp/azurerm\"]",
      "instances": []
    },
    {
      "module": "module.avm-res-compute-virtualmachine",
      "mode": "managed",
      "type": "azurerm_linux_virtual_machine",
      "name": "this",
      "provider": "provider[\"registry.terraform.io/hashicorp/azurerm\"]",
      "instances": []
    },
    {
      "module": "module.avm-res-compute-virtualmachine",
      "mode": "managed",
      "type": "azurerm_managed_disk",
      "name": "this",
      "provider": "provider[\"registry.terraform.io/hashicorp/azurerm\"]",
      "instances": []
    },
    {
      "module": "module.avm-res-compute-virtualmachine",
      "mode": "managed",
      "type": "azurerm_management_lock",
      "name": "this_disk",
      "provider": "provider[\"registry.terraform.io/hashicorp/azurerm\"]",
      "instances": []
    },
    {
      "module": "module.avm-res-compute-virtualmachine",
      "mode": "managed",
      "type": "azurerm_management_lock",
      "name": "this_linux_virtualmachine",
      "provider": "provider[\"registry.terraform.io/hashicorp/azurerm\"]",
      "instances": []
    },
    {
      "module": "module.avm-res-compute-virtualmachine",
      "mode": "managed",
      "type": "azurerm_management_lock",
      "name": "this_nic",
      "provider": "provider[\"registry.terraform.io/hashicorp/azurerm\"]",
      "instances": []
    },
    {
      "module": "module.avm-res-compute-virtualmachine",
      "mode": "managed",
      "type": "azurerm_management_lock",
      "name": "this_public_ip",
      "provider": "provider[\"registry.terraform.io/hashicorp/azurerm\"]",
      "instances": []
    },
    {
      "module": "module.avm-res-compute-virtualmachine",
      "mode": "managed",
      "type": "azurerm_management_lock",
      "name": "this_windows_virtualmachine",
      "provider": "provider[\"registry.terraform.io/hashicorp/azurerm\"]",
      "instances": []
    },
    {
      "module": "module.avm-res-compute-virtualmachine",
      "mode": "managed",
      "type": "azurerm_monitor_diagnostic_setting",
      "name": "this_nic_diags",
      "provider": "provider[\"registry.terraform.io/hashicorp/azurerm\"]",
      "instances": []
    },
    {
      "module": "module.avm-res-compute-virtualmachine",
      "mode": "managed",
      "type": "azurerm_monitor_diagnostic_setting",
      "name": "this_vm_diags",
      "provider": "provider[\"registry.terraform.io/hashicorp/azurerm\"]",
      "instances": []
    },
    {
      "module": "module.avm-res-compute-virtualmachine",
      "mode": "managed",
      "type": "azurerm_network_interface_application_gateway_backend_address_pool_association",
      "name": "this",
      "provider": "provider[\"registry.terraform.io/hashicorp/azurerm\"]",
      "instances": []
    },
    {
      "module": "module.avm-res-compute-virtualmachine",
      "mode": "managed",
      "type": "azurerm_network_interface_application_security_group_association",
      "name": "this",
      "provider": "provider[\"registry.terraform.io/hashicorp/azurerm\"]",
      "instances": []
    },
    {
      "module": "module.avm-res-compute-virtualmachine",
      "mode": "managed",
      "type": "azurerm_network_interface_backend_address_pool_association",
      "name": "this",
      "provider": "provider[\"registry.terraform.io/hashicorp/azurerm\"]",
      "instances": []
    },
    {
      "module": "module.avm-res-compute-virtualmachine",
      "mode": "managed",
      "type": "azurerm_network_interface_nat_rule_association",
      "name": "this",
      "provider": "provider[\"registry.terraform.io/hashicorp/azurerm\"]",
      "instances": []
    },
    {
      "module": "module.avm-res-compute-virtualmachine",
      "mode": "managed",
      "type": "azurerm_network_interface_security_group_association",
      "name": "this",
      "provider": "provider[\"registry.terraform.io/hashicorp/azurerm\"]",
      "instances": []
    },
    {
      "module": "module.avm-res-compute-virtualmachine",
      "mode": "managed",
      "type": "azurerm_role_assignment",
      "name": "disks",
      "provider": "provider[\"registry.terraform.io/hashicorp/azurerm\"]",
      "instances": []
    },
    {
      "module": "module.avm-res-compute-virtualmachine",
      "mode": "managed",
      "type": "azurerm_role_assignment",
      "name": "system_managed_identity",
      "provider": "provider[\"registry.terraform.io/hashicorp/azurerm\"]",
      "instances": []
    },
    {
      "module": "module.avm-res-compute-virtualmachine",
      "mode": "managed",
      "type": "azurerm_role_assignment",
      "name": "this_network_interface",
      "provider": "provider[\"registry.terraform.io/hashicorp/azurerm\"]",
      "instances": []
    },
    {
      "module": "module.avm-res-compute-virtualmachine",
      "mode": "managed",
      "type": "azurerm_role_assignment",
      "name": "this_virtual_machine",
      "provider": "provider[\"registry.terraform.io/hashicorp/azurerm\"]",
      "instances": []
    },
    {
      "module": "module.avm-res-compute-virtualmachine",
      "mode": "managed",
      "type": "azurerm_virtual_machine_data_disk_attachment",
      "name": "this_linux",
      "provider": "provider[\"registry.terraform.io/hashicorp/azurerm\"]",
      "instances": []
    },
    {
      "module": "module.avm-res-compute-virtualmachine",
      "mode": "managed",
      "type": "azurerm_virtual_machine_data_disk_attachment",
      "name": "this_linux_existing",
      "provider": "provider[\"registry.terraform.io/hashicorp/azurerm\"]",
      "instances": []
    },
    {
      "module": "module.avm-res-compute-virtualmachine",
      "mode": "managed",
      "type": "azurerm_virtual_machine_data_disk_attachment",
      "name": "this_windows",
      "provider": "provider[\"registry.terraform.io/hashicorp/azurerm\"]",
      "instances": []
    },
    {
      "module": "module.avm-res-compute-virtualmachine",
      "mode": "managed",
      "type": "azurerm_virtual_machine_data_disk_attachment",
      "name": "this_windows_existing",
      "provider": "provider[\"registry.terraform.io/hashicorp/azurerm\"]",
      "instances": []
    },
    {
      "module": "module.avm-res-compute-virtualmachine",
      "mode": "managed",
      "type": "modtm_telemetry",
      "name": "telemetry",
      "provider": "provider[\"registry.terraform.io/azure/modtm\"]",
      "instances": [
        {
          "index_key": 0,
          "schema_version": 0,
          "attributes": {
            "endpoint": null,
            "ephemeral_number": null,
            "id": "7211c35e-5fec-48a9-afb8-7199b3e6f627",
            "nonce": null,
            "tags": {
              "location": "Canada Central",
              "module_source": "registry.terraform.io/Azure/avm-res-compute-virtualmachine/azurerm",
              "module_version": "0.20.0",
              "random_id": "7a52b2cb-decc-2341-0caa-79cf4dceeca1",
              "subscription_id": "b2d594d9-1ee9-473b-803e-eb9f1b0b44bd",
              "tenant_id": "1a93b615-8d62-418a-ac28-22501cf1f978"
            }
          },
          "sensitive_attributes": [],
          "identity_schema_version": 0,
          "dependencies": [
            "module.avm-res-compute-virtualmachine.data.azapi_client_config.telemetry",
            "module.avm-res-compute-virtualmachine.data.modtm_module_source.telemetry",
            "module.avm-res-compute-virtualmachine.random_uuid.telemetry"
          ]
        }
      ]
    },
    {
      "module": "module.avm-res-compute-virtualmachine",
      "mode": "managed",
      "type": "random_password",
      "name": "admin_password",
      "provider": "provider[\"registry.terraform.io/hashicorp/random\"]",
      "instances": [
        {
          "index_key": 0,
          "schema_version": 3,
          "attributes": {
            "bcrypt_hash": "$2a$10$wRP3J1nvxEox4SggTMow9en.oLlMT0.tlRJqZXFgPt8SyjIPXXP4q",
            "id": "none",
            "keepers": null,
            "length": 22,
            "lower": true,
            "min_lower": 2,
            "min_numeric": 2,
            "min_special": 2,
            "min_upper": 2,
            "number": true,
            "numeric": true,
            "override_special": "!#$%\u0026()*+,-./:;\u003c=\u003e?@[]^_{|}~",
            "result": "h1*HM?$0AGOxHc_8%4ouP$",
            "special": true,
            "upper": true
          },
          "sensitive_attributes": [
            [
              {
                "type": "get_attr",
                "value": "bcrypt_hash"
              }
            ],
            [
              {
                "type": "get_attr",
                "value": "result"
              }
            ]
          ],
          "identity_schema_version": 0
        }
      ]
    },
    {
      "module": "module.avm-res-compute-virtualmachine",
      "mode": "managed",
      "type": "random_uuid",
      "name": "telemetry",
      "provider": "provider[\"registry.terraform.io/hashicorp/random\"]",
      "instances": [
        {
          "index_key": 0,
          "schema_version": 0,
          "attributes": {
            "id": "7a52b2cb-decc-2341-0caa-79cf4dceeca1",
            "keepers": null,
            "result": "7a52b2cb-decc-2341-0caa-79cf4dceeca1"
          },
          "sensitive_attributes": [],
          "identity_schema_version": 0
        }
      ]
    },
    {
      "module": "module.avm-res-compute-virtualmachine",
      "mode": "managed",
      "type": "tls_private_key",
      "name": "this",
      "provider": "provider[\"registry.terraform.io/hashicorp/tls\"]",
      "instances": []
    }
  ],
  "check_results": [
    {
      "object_kind": "var",
      "config_addr": "module.avm-res-compute-virtualmachine.var.extensions",
      "status": "pass",
      "objects": [
        {
          "object_addr": "module.avm-res-compute-virtualmachine.var.extensions",
          "status": "pass"
        }
      ]
    },
    {
      "object_kind": "var",
      "config_addr": "module.avm-res-compute-virtualmachine.var.os_type",
      "status": "pass",
      "objects": [
        {
          "object_addr": "module.avm-res-compute-virtualmachine.var.os_type",
          "status": "pass"
        }
      ]
    },
    {
      "object_kind": "var",
      "config_addr": "module.avm-res-compute-virtualmachine.var.user_data",
      "status": "pass",
      "objects": [
        {
          "object_addr": "module.avm-res-compute-virtualmachine.var.user_data",
          "status": "pass"
        }
      ]
    },
    {
      "object_kind": "var",
      "config_addr": "module.avm-res-compute-virtualmachine.var.name",
      "status": "pass",
      "objects": [
        {
          "object_addr": "module.avm-res-compute-virtualmachine.var.name",
          "status": "pass"
        }
      ]
    },
    {
      "object_kind": "var",
      "config_addr": "module.avm-res-compute-virtualmachine.var.account_credentials",
      "status": "pass",
      "objects": [
        {
          "object_addr": "module.avm-res-compute-virtualmachine.var.account_credentials",
          "status": "pass"
        }
      ]
    },
    {
      "object_kind": "var",
      "config_addr": "module.avm-res-compute-virtualmachine.var.lock",
      "status": "pass",
      "objects": [
        {
          "object_addr": "module.avm-res-compute-virtualmachine.var.lock",
          "status": "pass"
        }
      ]
    },
    {
      "object_kind": "var",
      "config_addr": "module.avm-res-compute-virtualmachine.var.admin_username",
      "status": "pass",
      "objects": [
        {
          "object_addr": "module.avm-res-compute-virtualmachine.var.admin_username",
          "status": "pass"
        }
      ]
    },
    {
      "object_kind": "var",
      "config_addr": "module.avm-res-compute-virtualmachine.var.custom_data",
      "status": "pass",
      "objects": [
        {
          "object_addr": "module.avm-res-compute-virtualmachine.var.custom_data",
          "status": "pass"
        }
      ]
    }
  ]
}
